
Microsoft Visual Studio Solution File, Format Version 12.00
# Visual Studio Version 17
VisualStudioVersion = 17.2.32519.379
MinimumVisualStudioVersion = 10.0.40219.1
Project("{9A19103F-16F7-4668-BE54-9A1E7A4F7556}") = "Foundation.Generators", "Foundation.Generator\Foundation.Generators.csproj", "{55452EAC-DB95-4420-AC21-4AFE7524B509}"
EndProject
Project("{9A19103F-16F7-4668-BE54-9A1E7A4F7556}") = "Sample", "Foundation.Sample\Sample.csproj", "{131D31DA-C3C2-45C9-9FC9-4BB586B2FFE2}"
EndProject
Project("{9A19103F-16F7-4668-BE54-9A1E7A4F7556}") = "Foundation.Annotations", "Foundation.Annotations\Foundation.Annotations.csproj", "{82AC84EA-D00C-4DCF-B809-2AAEF381BA6A}"
EndProject
Project("{2150E333-8FDC-42A3-9474-1A3956D46DE8}") = "Solution Items", "Solution Items", "{8A8B343A-3E5D-4C4D-AF39-DA6B138D90E4}"
	ProjectSection(SolutionItems) = preProject
		Foundation.Annotations.nuspec = Foundation.Annotations.nuspec
	EndProjectSection
EndProject
Global
	GlobalSection(SolutionConfigurationPlatforms) = preSolution
		Debug|Any CPU = Debug|Any CPU
		Release|Any CPU = Release|Any CPU
	EndGlobalSection
	GlobalSection(ProjectConfigurationPlatforms) = postSolution
		{55452EAC-DB95-4420-AC21-4AFE7524B509}.Debug|Any CPU.ActiveCfg = Debug|Any CPU
		{55452EAC-DB95-4420-AC21-4AFE7524B509}.Debug|Any CPU.Build.0 = Debug|Any CPU
		{55452EAC-DB95-4420-AC21-4AFE7524B509}.Release|Any CPU.ActiveCfg = Release|Any CPU
		{55452EAC-DB95-4420-AC21-4AFE7524B509}.Release|Any CPU.Build.0 = Release|Any CPU
		{131D31DA-C3C2-45C9-9FC9-4BB586B2FFE2}.Debug|Any CPU.ActiveCfg = Debug|Any CPU
		{131D31DA-C3C2-45C9-9FC9-4BB586B2FFE2}.Debug|Any CPU.Build.0 = Debug|Any CPU
		{131D31DA-C3C2-45C9-9FC9-4BB586B2FFE2}.Release|Any CPU.ActiveCfg = Release|Any CPU
		{131D31DA-C3C2-45C9-9FC9-4BB586B2FFE2}.Release|Any CPU.Build.0 = Release|Any CPU
		{82AC84EA-D00C-4DCF-B809-2AAEF381BA6A}.Debug|Any CPU.ActiveCfg = Debug|Any CPU
		{82AC84EA-D00C-4DCF-B809-2AAEF381BA6A}.Debug|Any CPU.Build.0 = Debug|Any CPU
		{82AC84EA-D00C-4DCF-B809-2AAEF381BA6A}.Release|Any CPU.ActiveCfg = Release|Any CPU
		{82AC84EA-D00C-4DCF-B809-2AAEF381BA6A}.Release|Any CPU.Build.0 = Release|Any CPU
	EndGlobalSection
	GlobalSection(SolutionProperties) = preSolution
		HideSolutionNode = FALSE
	EndGlobalSection
	GlobalSection(ExtensibilityGlobals) = postSolution
		SolutionGuid = {242DD1F4-9822-4521-B84D-80DDDB8FCA6C}
	EndGlobalSection
EndGlobal
